
Microsoft Visual Studio Solution File, Format Version 12.00
# Visual Studio Version 16
VisualStudioVersion = 16.0.28803.352
MinimumVisualStudioVersion = 10.0.40219.1
Project("{FAE04EC0-301F-11D3-BF4B-00C04F79EFBC}") = "ABCreator", "ABCreator\ABCreator.csproj", "{8D50CDFF-ED14-4261-A901-5E7A697130CF}"
EndProject
Global
	GlobalSection(SolutionConfigurationPlatforms) = preSolution
		Debug|Any CPU = Debug|Any CPU
		Release|Any CPU = Release|Any CPU
	EndGlobalSection
	GlobalSection(ProjectConfigurationPlatforms) = postSolution
		{8D50CDFF-ED14-4261-A901-5E7A697130CF}.Debug|Any CPU.ActiveCfg = Debug|Any CPU
		{8D50CDFF-ED14-4261-A901-5E7A697130CF}.Debug|Any CPU.Build.0 = Debug|Any CPU
		{8D50CDFF-ED14-4261-A901-5E7A697130CF}.Release|Any CPU.ActiveCfg = Release|Any CPU
		{8D50CDFF-ED14-4261-A901-5E7A697130CF}.Release|Any CPU.Build.0 = Release|Any CPU
	EndGlobalSection
	GlobalSection(SolutionProperties) = preSolution
		HideSolutionNode = FALSE
	EndGlobalSection
	GlobalSection(ExtensibilityGlobals) = postSolution
		SolutionGuid = {45FCB151-D960-4DA6-9D01-BBC42869654E}
	EndGlobalSection
EndGlobal
